
Microsoft Visual Studio Solution File, Format Version 12.00
# Visual Studio Version 17
VisualStudioVersion = 17.6.33801.468
MinimumVisualStudioVersion = 10.0.40219.1
Project("{2150E333-8FDC-42A3-9474-1A3956D46DE8}") = "0 - Presentation", "0 - Presentation", "{35FB9C3A-E99F-4C06-941A-40C6C2CA6F10}"
EndProject
Project("{FAE04EC0-301F-11D3-BF4B-00C04F79EFBC}") = "AR.Presentation", "AR.Presentation\AR.Presentation.csproj", "{46E73EE0-C554-429B-9350-D3EA4F311E85}"
EndProject
Global
	GlobalSection(SolutionConfigurationPlatforms) = preSolution
		Debug|Any CPU = Debug|Any CPU
		Release|Any CPU = Release|Any CPU
	EndGlobalSection
	GlobalSection(ProjectConfigurationPlatforms) = postSolution
		{46E73EE0-C554-429B-9350-D3EA4F311E85}.Debug|Any CPU.ActiveCfg = Debug|Any CPU
		{46E73EE0-C554-429B-9350-D3EA4F311E85}.Debug|Any CPU.Build.0 = Debug|Any CPU
		{46E73EE0-C554-429B-9350-D3EA4F311E85}.Release|Any CPU.ActiveCfg = Release|Any CPU
		{46E73EE0-C554-429B-9350-D3EA4F311E85}.Release|Any CPU.Build.0 = Release|Any CPU
	EndGlobalSection
	GlobalSection(SolutionProperties) = preSolution
		HideSolutionNode = FALSE
	EndGlobalSection
	GlobalSection(NestedProjects) = preSolution
		{46E73EE0-C554-429B-9350-D3EA4F311E85} = {35FB9C3A-E99F-4C06-941A-40C6C2CA6F10}
	EndGlobalSection
	GlobalSection(ExtensibilityGlobals) = postSolution
		SolutionGuid = {FFFDBD38-E88F-406A-9747-74A596B1B4CE}
	EndGlobalSection
EndGlobal
